{
  "version": 4,
  "terraform_version": "1.5.7",
  "serial": 4,
  "lineage": "be502f3c-f08a-516b-8b15-109bf3851a30",
  "outputs": {},
  "resources": [
    {
      "mode": "data",
      "type": "azurerm_client_config",
      "name": "current",
      "provider": "provider[\"registry.terraform.io/hashicorp/azurerm\"]",
      "instances": [
        {
          "schema_version": 0,
          "attributes": {
            "client_id": "900a6325-ef19-41b9-8a98-b460091bbf98",
            "id": "Y2xpZW50Q29uZmlncy9jbGllbnRJZD05MDBhNjMyNS1lZjE5LTQxYjktOGE5OC1iNDYwMDkxYmJmOTg7b2JqZWN0SWQ9ZjJiYTY1ZjMtOWUwYi00ODBjLTljNzAtY2NlMGM0NDA3OWIwO3N1YnNjcmlwdGlvbklkPWVkZTdmODkxLTgzNWMtNDEyOC1hZjViLTBlNTM4NDhlNTRlNzt0ZW5hbnRJZD0xY2U3ODUyZi1kY2YzLTQyYmMtYWZlNi0zYmY4MWFiOTg0ZmI=",
            "object_id": "f2ba65f3-9e0b-480c-9c70-cce0c44079b0",
            "subscription_id": "ede7f891-835c-4128-af5b-0e53848e54e7",
            "tenant_id": "1ce7852f-dcf3-42bc-afe6-3bf81ab984fb",
            "timeouts": null
          },
          "sensitive_attributes": []
        }
      ]
    },
    {
      "mode": "data",
      "type": "azurerm_resource_group",
      "name": "resource_group",
      "provider": "provider[\"registry.terraform.io/hashicorp/azurerm\"]",
      "instances": [
        {
          "schema_version": 0,
          "attributes": {
            "id": "/subscriptions/ede7f891-835c-4128-af5b-0e53848e54e7/resourceGroups/openenv-ql2j5",
            "location": "eastus",
            "managed_by": "",
            "name": "openenv-ql2j5",
            "tags": {
              "guid": "ql2j5"
            },
            "timeouts": null
          },
          "sensitive_attributes": []
        }
      ]
    },
    {
      "mode": "managed",
      "type": "random_string",
      "name": "domain",
      "provider": "provider[\"registry.terraform.io/hashicorp/random\"]",
      "instances": [
        {
          "schema_version": 2,
          "attributes": {
            "id": "9pk7thab",
            "keepers": null,
            "length": 8,
            "lower": true,
            "min_lower": 0,
            "min_numeric": 0,
            "min_special": 0,
            "min_upper": 0,
            "number": true,
            "numeric": true,
            "override_special": null,
            "result": "9pk7thab",
            "special": false,
            "upper": false
          },
          "sensitive_attributes": []
        }
      ]
    },
    {
      "mode": "managed",
      "type": "random_string",
      "name": "resource_prefix",
      "provider": "provider[\"registry.terraform.io/hashicorp/random\"]",
      "instances": [
        {
          "schema_version": 2,
          "attributes": {
            "id": "hqcsjm",
            "keepers": null,
            "length": 6,
            "lower": true,
            "min_lower": 0,
            "min_numeric": 0,
            "min_special": 0,
            "min_upper": 0,
            "number": false,
            "numeric": false,
            "override_special": null,
            "result": "hqcsjm",
            "special": false,
            "upper": false
          },
          "sensitive_attributes": []
        }
      ]
    }
  ],
  "check_results": null
}
